
Microsoft Visual Studio Solution File, Format Version 12.00
# Visual Studio Version 16
VisualStudioVersion = 16.0.29613.14
MinimumVisualStudioVersion = 10.0.40219.1
Project("{9A19103F-16F7-4668-BE54-9A1E7A4F7556}") = "WatchGuardMarsRover", "WatchGuardMarsRover\WatchGuardMarsRover.csproj", "{78D22EEE-57C2-4D05-88D4-61A2108FCB96}"
EndProject
Global
	GlobalSection(SolutionConfigurationPlatforms) = preSolution
		Debug|Any CPU = Debug|Any CPU
		Release|Any CPU = Release|Any CPU
	EndGlobalSection
	GlobalSection(ProjectConfigurationPlatforms) = postSolution
		{78D22EEE-57C2-4D05-88D4-61A2108FCB96}.Debug|Any CPU.ActiveCfg = Debug|Any CPU
		{78D22EEE-57C2-4D05-88D4-61A2108FCB96}.Debug|Any CPU.Build.0 = Debug|Any CPU
		{78D22EEE-57C2-4D05-88D4-61A2108FCB96}.Release|Any CPU.ActiveCfg = Release|Any CPU
		{78D22EEE-57C2-4D05-88D4-61A2108FCB96}.Release|Any CPU.Build.0 = Release|Any CPU
	EndGlobalSection
	GlobalSection(SolutionProperties) = preSolution
		HideSolutionNode = FALSE
	EndGlobalSection
	GlobalSection(ExtensibilityGlobals) = postSolution
		SolutionGuid = {68433ED1-1201-4713-9462-ECB5085643A7}
	EndGlobalSection
EndGlobal
